
Microsoft Visual Studio Solution File, Format Version 12.00
# Visual Studio Version 17
VisualStudioVersion = 17.4.33213.308
MinimumVisualStudioVersion = 10.0.40219.1
Project("{8BC9CEB8-8B4A-11D0-8D11-00A0C91BC942}") = "D3D12HelloTriangle", "HelloTriangle\D3D12HelloTriangle.vcxproj", "{5018F6A3-6533-4744-B1FD-727D199FD2E9}"
	ProjectSection(ProjectDependencies) = postProject
		{371B9FA9-4C90-4AC6-A123-ACED756D6C77} = {371B9FA9-4C90-4AC6-A123-ACED756D6C77}
	EndProjectSection
EndProject
Project("{8BC9CEB8-8B4A-11D0-8D11-00A0C91BC942}") = "D3D12HelloBundles", "HelloBundles\D3D12HelloBundles.vcxproj", "{CAE2B6C4-B644-4B92-8804-23E18310765B}"
EndProject
Project("{8BC9CEB8-8B4A-11D0-8D11-00A0C91BC942}") = "D3D12HelloWindow", "HelloWindow\D3D12HelloWindow.vcxproj", "{23E282D0-E846-485C-B7A1-DA60F4BEA3D2}"
EndProject
Project("{8BC9CEB8-8B4A-11D0-8D11-00A0C91BC942}") = "D3D12HelloConstBuffers", "HelloConstBuffers\D3D12HelloConstBuffers.vcxproj", "{6F49D366-B5F1-432B-A3E8-5D1CA57865F9}"
EndProject
Project("{8BC9CEB8-8B4A-11D0-8D11-00A0C91BC942}") = "D3D12HelloTexture", "HelloTexture\D3D12HelloTexture.vcxproj", "{16B13BB4-D82D-4AC1-8B40-C6BCCC99954B}"
EndProject
Project("{8BC9CEB8-8B4A-11D0-8D11-00A0C91BC942}") = "D3D12HelloFrameBuffering", "HelloFrameBuffering\D3D12HelloFrameBuffering.vcxproj", "{DF8A573D-FD94-45F8-AED2-0BEFC00B9591}"
EndProject
Project("{8BC9CEB8-8B4A-11D0-8D11-00A0C91BC942}") = "D3D12HelloVAEncode", "HelloVAEncode\D3D12HelloVAEncode.vcxproj", "{940957E3-82D6-4CD8-B39F-6FA47763973F}"
EndProject
Project("{8BC9CEB8-8B4A-11D0-8D11-00A0C91BC942}") = "D3D12HelloVADecode", "HelloVADecode\D3D12HelloVADecode.vcxproj", "{E16591B9-E382-431F-BE17-8C94E5F6AD5E}"
EndProject
Project("{8BC9CEB8-8B4A-11D0-8D11-00A0C91BC942}") = "D3D12HelloVAResourceInterop", "HelloVAResourceInterop\D3D12HelloVAResourceInterop.vcxproj", "{17171787-C5D2-4014-9D1D-BC43074F36A1}"
EndProject
Project("{8BC9CEB8-8B4A-11D0-8D11-00A0C91BC942}") = "DirectXTex", "..\..\..\..\DirectXTex\DirectXTex\DirectXTex_Desktop_2022_Win10.vcxproj", "{371B9FA9-4C90-4AC6-A123-ACED756D6C77}"
EndProject
Global
	GlobalSection(SolutionConfigurationPlatforms) = preSolution
		Debug|ARM64 = Debug|ARM64
		Debug|x64 = Debug|x64
		Debug|x86 = Debug|x86
		Profile|ARM64 = Profile|ARM64
		Profile|x64 = Profile|x64
		Profile|x86 = Profile|x86
		Release|ARM64 = Release|ARM64
		Release|x64 = Release|x64
		Release|x86 = Release|x86
	EndGlobalSection
	GlobalSection(ProjectConfigurationPlatforms) = postSolution
		{5018F6A3-6533-4744-B1FD-727D199FD2E9}.Debug|ARM64.ActiveCfg = Debug|x64
		{5018F6A3-6533-4744-B1FD-727D199FD2E9}.Debug|ARM64.Build.0 = Debug|x64
		{5018F6A3-6533-4744-B1FD-727D199FD2E9}.Debug|x64.ActiveCfg = Debug|x64
		{5018F6A3-6533-4744-B1FD-727D199FD2E9}.Debug|x64.Build.0 = Debug|x64
		{5018F6A3-6533-4744-B1FD-727D199FD2E9}.Debug|x86.ActiveCfg = Debug|x64
		{5018F6A3-6533-4744-B1FD-727D199FD2E9}.Debug|x86.Build.0 = Debug|x64
		{5018F6A3-6533-4744-B1FD-727D199FD2E9}.Profile|ARM64.ActiveCfg = Release|x64
		{5018F6A3-6533-4744-B1FD-727D199FD2E9}.Profile|ARM64.Build.0 = Release|x64
		{5018F6A3-6533-4744-B1FD-727D199FD2E9}.Profile|x64.ActiveCfg = Release|x64
		{5018F6A3-6533-4744-B1FD-727D199FD2E9}.Profile|x64.Build.0 = Release|x64
		{5018F6A3-6533-4744-B1FD-727D199FD2E9}.Profile|x86.ActiveCfg = Release|x64
		{5018F6A3-6533-4744-B1FD-727D199FD2E9}.Profile|x86.Build.0 = Release|x64
		{5018F6A3-6533-4744-B1FD-727D199FD2E9}.Release|ARM64.ActiveCfg = Release|x64
		{5018F6A3-6533-4744-B1FD-727D199FD2E9}.Release|ARM64.Build.0 = Release|x64
		{5018F6A3-6533-4744-B1FD-727D199FD2E9}.Release|x64.ActiveCfg = Release|x64
		{5018F6A3-6533-4744-B1FD-727D199FD2E9}.Release|x64.Build.0 = Release|x64
		{5018F6A3-6533-4744-B1FD-727D199FD2E9}.Release|x86.ActiveCfg = Release|x64
		{5018F6A3-6533-4744-B1FD-727D199FD2E9}.Release|x86.Build.0 = Release|x64
		{CAE2B6C4-B644-4B92-8804-23E18310765B}.Debug|ARM64.ActiveCfg = Debug|x64
		{CAE2B6C4-B644-4B92-8804-23E18310765B}.Debug|ARM64.Build.0 = Debug|x64
		{CAE2B6C4-B644-4B92-8804-23E18310765B}.Debug|x64.ActiveCfg = Debug|x64
		{CAE2B6C4-B644-4B92-8804-23E18310765B}.Debug|x64.Build.0 = Debug|x64
		{CAE2B6C4-B644-4B92-8804-23E18310765B}.Debug|x86.ActiveCfg = Debug|x64
		{CAE2B6C4-B644-4B92-8804-23E18310765B}.Debug|x86.Build.0 = Debug|x64
		{CAE2B6C4-B644-4B92-8804-23E18310765B}.Profile|ARM64.ActiveCfg = Release|x64
		{CAE2B6C4-B644-4B92-8804-23E18310765B}.Profile|ARM64.Build.0 = Release|x64
		{CAE2B6C4-B644-4B92-8804-23E18310765B}.Profile|x64.ActiveCfg = Release|x64
		{CAE2B6C4-B644-4B92-8804-23E18310765B}.Profile|x64.Build.0 = Release|x64
		{CAE2B6C4-B644-4B92-8804-23E18310765B}.Profile|x86.ActiveCfg = Release|x64
		{CAE2B6C4-B644-4B92-8804-23E18310765B}.Profile|x86.Build.0 = Release|x64
		{CAE2B6C4-B644-4B92-8804-23E18310765B}.Release|ARM64.ActiveCfg = Release|x64
		{CAE2B6C4-B644-4B92-8804-23E18310765B}.Release|ARM64.Build.0 = Release|x64
		{CAE2B6C4-B644-4B92-8804-23E18310765B}.Release|x64.ActiveCfg = Release|x64
		{CAE2B6C4-B644-4B92-8804-23E18310765B}.Release|x64.Build.0 = Release|x64
		{CAE2B6C4-B644-4B92-8804-23E18310765B}.Release|x86.ActiveCfg = Release|x64
		{CAE2B6C4-B644-4B92-8804-23E18310765B}.Release|x86.Build.0 = Release|x64
		{23E282D0-E846-485C-B7A1-DA60F4BEA3D2}.Debug|ARM64.ActiveCfg = Debug|x64
		{23E282D0-E846-485C-B7A1-DA60F4BEA3D2}.Debug|ARM64.Build.0 = Debug|x64
		{23E282D0-E846-485C-B7A1-DA60F4BEA3D2}.Debug|x64.ActiveCfg = Debug|x64
		{23E282D0-E846-485C-B7A1-DA60F4BEA3D2}.Debug|x64.Build.0 = Debug|x64
		{23E282D0-E846-485C-B7A1-DA60F4BEA3D2}.Debug|x86.ActiveCfg = Debug|x64
		{23E282D0-E846-485C-B7A1-DA60F4BEA3D2}.Debug|x86.Build.0 = Debug|x64
		{23E282D0-E846-485C-B7A1-DA60F4BEA3D2}.Profile|ARM64.ActiveCfg = Release|x64
		{23E282D0-E846-485C-B7A1-DA60F4BEA3D2}.Profile|ARM64.Build.0 = Release|x64
		{23E282D0-E846-485C-B7A1-DA60F4BEA3D2}.Profile|x64.ActiveCfg = Release|x64
		{23E282D0-E846-485C-B7A1-DA60F4BEA3D2}.Profile|x64.Build.0 = Release|x64
		{23E282D0-E846-485C-B7A1-DA60F4BEA3D2}.Profile|x86.ActiveCfg = Release|x64
		{23E282D0-E846-485C-B7A1-DA60F4BEA3D2}.Profile|x86.Build.0 = Release|x64
		{23E282D0-E846-485C-B7A1-DA60F4BEA3D2}.Release|ARM64.ActiveCfg = Release|x64
		{23E282D0-E846-485C-B7A1-DA60F4BEA3D2}.Release|ARM64.Build.0 = Release|x64
		{23E282D0-E846-485C-B7A1-DA60F4BEA3D2}.Release|x64.ActiveCfg = Release|x64
		{23E282D0-E846-485C-B7A1-DA60F4BEA3D2}.Release|x64.Build.0 = Release|x64
		{23E282D0-E846-485C-B7A1-DA60F4BEA3D2}.Release|x86.ActiveCfg = Release|x64
		{23E282D0-E846-485C-B7A1-DA60F4BEA3D2}.Release|x86.Build.0 = Release|x64
		{6F49D366-B5F1-432B-A3E8-5D1CA57865F9}.Debug|ARM64.ActiveCfg = Debug|x64
		{6F49D366-B5F1-432B-A3E8-5D1CA57865F9}.Debug|ARM64.Build.0 = Debug|x64
		{6F49D366-B5F1-432B-A3E8-5D1CA57865F9}.Debug|x64.ActiveCfg = Debug|x64
		{6F49D366-B5F1-432B-A3E8-5D1CA57865F9}.Debug|x64.Build.0 = Debug|x64
		{6F49D366-B5F1-432B-A3E8-5D1CA57865F9}.Debug|x86.ActiveCfg = Debug|x64
		{6F49D366-B5F1-432B-A3E8-5D1CA57865F9}.Debug|x86.Build.0 = Debug|x64
		{6F49D366-B5F1-432B-A3E8-5D1CA57865F9}.Profile|ARM64.ActiveCfg = Release|x64
		{6F49D366-B5F1-432B-A3E8-5D1CA57865F9}.Profile|ARM64.Build.0 = Release|x64
		{6F49D366-B5F1-432B-A3E8-5D1CA57865F9}.Profile|x64.ActiveCfg = Release|x64
		{6F49D366-B5F1-432B-A3E8-5D1CA57865F9}.Profile|x64.Build.0 = Release|x64
		{6F49D366-B5F1-432B-A3E8-5D1CA57865F9}.Profile|x86.ActiveCfg = Release|x64
		{6F49D366-B5F1-432B-A3E8-5D1CA57865F9}.Profile|x86.Build.0 = Release|x64
		{6F49D366-B5F1-432B-A3E8-5D1CA57865F9}.Release|ARM64.ActiveCfg = Release|x64
		{6F49D366-B5F1-432B-A3E8-5D1CA57865F9}.Release|ARM64.Build.0 = Release|x64
		{6F49D366-B5F1-432B-A3E8-5D1CA57865F9}.Release|x64.ActiveCfg = Release|x64
		{6F49D366-B5F1-432B-A3E8-5D1CA57865F9}.Release|x64.Build.0 = Release|x64
		{6F49D366-B5F1-432B-A3E8-5D1CA57865F9}.Release|x86.ActiveCfg = Release|x64
		{6F49D366-B5F1-432B-A3E8-5D1CA57865F9}.Release|x86.Build.0 = Release|x64
		{16B13BB4-D82D-4AC1-8B40-C6BCCC99954B}.Debug|ARM64.ActiveCfg = Debug|x64
		{16B13BB4-D82D-4AC1-8B40-C6BCCC99954B}.Debug|ARM64.Build.0 = Debug|x64
		{16B13BB4-D82D-4AC1-8B40-C6BCCC99954B}.Debug|x64.ActiveCfg = Debug|x64
		{16B13BB4-D82D-4AC1-8B40-C6BCCC99954B}.Debug|x64.Build.0 = Debug|x64
		{16B13BB4-D82D-4AC1-8B40-C6BCCC99954B}.Debug|x86.ActiveCfg = Debug|x64
		{16B13BB4-D82D-4AC1-8B40-C6BCCC99954B}.Debug|x86.Build.0 = Debug|x64
		{16B13BB4-D82D-4AC1-8B40-C6BCCC99954B}.Profile|ARM64.ActiveCfg = Release|x64
		{16B13BB4-D82D-4AC1-8B40-C6BCCC99954B}.Profile|ARM64.Build.0 = Release|x64
		{16B13BB4-D82D-4AC1-8B40-C6BCCC99954B}.Profile|x64.ActiveCfg = Release|x64
		{16B13BB4-D82D-4AC1-8B40-C6BCCC99954B}.Profile|x64.Build.0 = Release|x64
		{16B13BB4-D82D-4AC1-8B40-C6BCCC99954B}.Profile|x86.ActiveCfg = Release|x64
		{16B13BB4-D82D-4AC1-8B40-C6BCCC99954B}.Profile|x86.Build.0 = Release|x64
		{16B13BB4-D82D-4AC1-8B40-C6BCCC99954B}.Release|ARM64.ActiveCfg = Release|x64
		{16B13BB4-D82D-4AC1-8B40-C6BCCC99954B}.Release|ARM64.Build.0 = Release|x64
		{16B13BB4-D82D-4AC1-8B40-C6BCCC99954B}.Release|x64.ActiveCfg = Release|x64
		{16B13BB4-D82D-4AC1-8B40-C6BCCC99954B}.Release|x64.Build.0 = Release|x64
		{16B13BB4-D82D-4AC1-8B40-C6BCCC99954B}.Release|x86.ActiveCfg = Release|x64
		{16B13BB4-D82D-4AC1-8B40-C6BCCC99954B}.Release|x86.Build.0 = Release|x64
		{DF8A573D-FD94-45F8-AED2-0BEFC00B9591}.Debug|ARM64.ActiveCfg = Debug|x64
		{DF8A573D-FD94-45F8-AED2-0BEFC00B9591}.Debug|ARM64.Build.0 = Debug|x64
		{DF8A573D-FD94-45F8-AED2-0BEFC00B9591}.Debug|x64.ActiveCfg = Debug|x64
		{DF8A573D-FD94-45F8-AED2-0BEFC00B9591}.Debug|x64.Build.0 = Debug|x64
		{DF8A573D-FD94-45F8-AED2-0BEFC00B9591}.Debug|x86.ActiveCfg = Debug|x64
		{DF8A573D-FD94-45F8-AED2-0BEFC00B9591}.Debug|x86.Build.0 = Debug|x64
		{DF8A573D-FD94-45F8-AED2-0BEFC00B9591}.Profile|ARM64.ActiveCfg = Release|x64
		{DF8A573D-FD94-45F8-AED2-0BEFC00B9591}.Profile|ARM64.Build.0 = Release|x64
		{DF8A573D-FD94-45F8-AED2-0BEFC00B9591}.Profile|x64.ActiveCfg = Release|x64
		{DF8A573D-FD94-45F8-AED2-0BEFC00B9591}.Profile|x64.Build.0 = Release|x64
		{DF8A573D-FD94-45F8-AED2-0BEFC00B9591}.Profile|x86.ActiveCfg = Release|x64
		{DF8A573D-FD94-45F8-AED2-0BEFC00B9591}.Profile|x86.Build.0 = Release|x64
		{DF8A573D-FD94-45F8-AED2-0BEFC00B9591}.Release|ARM64.ActiveCfg = Release|x64
		{DF8A573D-FD94-45F8-AED2-0BEFC00B9591}.Release|ARM64.Build.0 = Release|x64
		{DF8A573D-FD94-45F8-AED2-0BEFC00B9591}.Release|x64.ActiveCfg = Release|x64
		{DF8A573D-FD94-45F8-AED2-0BEFC00B9591}.Release|x64.Build.0 = Release|x64
		{DF8A573D-FD94-45F8-AED2-0BEFC00B9591}.Release|x86.ActiveCfg = Release|x64
		{DF8A573D-FD94-45F8-AED2-0BEFC00B9591}.Release|x86.Build.0 = Release|x64
		{940957E3-82D6-4CD8-B39F-6FA47763973F}.Debug|ARM64.ActiveCfg = Debug|x64
		{940957E3-82D6-4CD8-B39F-6FA47763973F}.Debug|ARM64.Build.0 = Debug|x64
		{940957E3-82D6-4CD8-B39F-6FA47763973F}.Debug|x64.ActiveCfg = Debug|x64
		{940957E3-82D6-4CD8-B39F-6FA47763973F}.Debug|x64.Build.0 = Debug|x64
		{940957E3-82D6-4CD8-B39F-6FA47763973F}.Debug|x86.ActiveCfg = Debug|x64
		{940957E3-82D6-4CD8-B39F-6FA47763973F}.Debug|x86.Build.0 = Debug|x64
		{940957E3-82D6-4CD8-B39F-6FA47763973F}.Profile|ARM64.ActiveCfg = Release|x64
		{940957E3-82D6-4CD8-B39F-6FA47763973F}.Profile|ARM64.Build.0 = Release|x64
		{940957E3-82D6-4CD8-B39F-6FA47763973F}.Profile|x64.ActiveCfg = Release|x64
		{940957E3-82D6-4CD8-B39F-6FA47763973F}.Profile|x64.Build.0 = Release|x64
		{940957E3-82D6-4CD8-B39F-6FA47763973F}.Profile|x86.ActiveCfg = Release|x64
		{940957E3-82D6-4CD8-B39F-6FA47763973F}.Profile|x86.Build.0 = Release|x64
		{940957E3-82D6-4CD8-B39F-6FA47763973F}.Release|ARM64.ActiveCfg = Release|x64
		{940957E3-82D6-4CD8-B39F-6FA47763973F}.Release|ARM64.Build.0 = Release|x64
		{940957E3-82D6-4CD8-B39F-6FA47763973F}.Release|x64.ActiveCfg = Release|x64
		{940957E3-82D6-4CD8-B39F-6FA47763973F}.Release|x64.Build.0 = Release|x64
		{940957E3-82D6-4CD8-B39F-6FA47763973F}.Release|x86.ActiveCfg = Release|x64
		{940957E3-82D6-4CD8-B39F-6FA47763973F}.Release|x86.Build.0 = Release|x64
		{E16591B9-E382-431F-BE17-8C94E5F6AD5E}.Debug|ARM64.ActiveCfg = Debug|x64
		{E16591B9-E382-431F-BE17-8C94E5F6AD5E}.Debug|ARM64.Build.0 = Debug|x64
		{E16591B9-E382-431F-BE17-8C94E5F6AD5E}.Debug|x64.ActiveCfg = Debug|x64
		{E16591B9-E382-431F-BE17-8C94E5F6AD5E}.Debug|x64.Build.0 = Debug|x64
		{E16591B9-E382-431F-BE17-8C94E5F6AD5E}.Debug|x86.ActiveCfg = Debug|x64
		{E16591B9-E382-431F-BE17-8C94E5F6AD5E}.Debug|x86.Build.0 = Debug|x64
		{E16591B9-E382-431F-BE17-8C94E5F6AD5E}.Profile|ARM64.ActiveCfg = Release|x64
		{E16591B9-E382-431F-BE17-8C94E5F6AD5E}.Profile|ARM64.Build.0 = Release|x64
		{E16591B9-E382-431F-BE17-8C94E5F6AD5E}.Profile|x64.ActiveCfg = Release|x64
		{E16591B9-E382-431F-BE17-8C94E5F6AD5E}.Profile|x64.Build.0 = Release|x64
		{E16591B9-E382-431F-BE17-8C94E5F6AD5E}.Profile|x86.ActiveCfg = Release|x64
		{E16591B9-E382-431F-BE17-8C94E5F6AD5E}.Profile|x86.Build.0 = Release|x64
		{E16591B9-E382-431F-BE17-8C94E5F6AD5E}.Release|ARM64.ActiveCfg = Release|x64
		{E16591B9-E382-431F-BE17-8C94E5F6AD5E}.Release|ARM64.Build.0 = Release|x64
		{E16591B9-E382-431F-BE17-8C94E5F6AD5E}.Release|x64.ActiveCfg = Release|x64
		{E16591B9-E382-431F-BE17-8C94E5F6AD5E}.Release|x64.Build.0 = Release|x64
		{E16591B9-E382-431F-BE17-8C94E5F6AD5E}.Release|x86.ActiveCfg = Release|x64
		{E16591B9-E382-431F-BE17-8C94E5F6AD5E}.Release|x86.Build.0 = Release|x64
		{17171787-C5D2-4014-9D1D-BC43074F36A1}.Debug|ARM64.ActiveCfg = Debug|x64
		{17171787-C5D2-4014-9D1D-BC43074F36A1}.Debug|ARM64.Build.0 = Debug|x64
		{17171787-C5D2-4014-9D1D-BC43074F36A1}.Debug|x64.ActiveCfg = Debug|x64
		{17171787-C5D2-4014-9D1D-BC43074F36A1}.Debug|x64.Build.0 = Debug|x64
		{17171787-C5D2-4014-9D1D-BC43074F36A1}.Debug|x86.ActiveCfg = Debug|x64
		{17171787-C5D2-4014-9D1D-BC43074F36A1}.Debug|x86.Build.0 = Debug|x64
		{17171787-C5D2-4014-9D1D-BC43074F36A1}.Profile|ARM64.ActiveCfg = Release|x64
		{17171787-C5D2-4014-9D1D-BC43074F36A1}.Profile|ARM64.Build.0 = Release|x64
		{17171787-C5D2-4014-9D1D-BC43074F36A1}.Profile|x64.ActiveCfg = Release|x64
		{17171787-C5D2-4014-9D1D-BC43074F36A1}.Profile|x64.Build.0 = Release|x64
		{17171787-C5D2-4014-9D1D-BC43074F36A1}.Profile|x86.ActiveCfg = Release|x64
		{17171787-C5D2-4014-9D1D-BC43074F36A1}.Profile|x86.Build.0 = Release|x64
		{17171787-C5D2-4014-9D1D-BC43074F36A1}.Release|ARM64.ActiveCfg = Release|x64
		{17171787-C5D2-4014-9D1D-BC43074F36A1}.Release|ARM64.Build.0 = Release|x64
		{17171787-C5D2-4014-9D1D-BC43074F36A1}.Release|x64.ActiveCfg = Release|x64
		{17171787-C5D2-4014-9D1D-BC43074F36A1}.Release|x64.Build.0 = Release|x64
		{17171787-C5D2-4014-9D1D-BC43074F36A1}.Release|x86.ActiveCfg = Release|x64
		{17171787-C5D2-4014-9D1D-BC43074F36A1}.Release|x86.Build.0 = Release|x64
		{371B9FA9-4C90-4AC6-A123-ACED756D6C77}.Debug|ARM64.ActiveCfg = Debug|ARM64
		{371B9FA9-4C90-4AC6-A123-ACED756D6C77}.Debug|ARM64.Build.0 = Debug|ARM64
		{371B9FA9-4C90-4AC6-A123-ACED756D6C77}.Debug|x64.ActiveCfg = Debug|x64
		{371B9FA9-4C90-4AC6-A123-ACED756D6C77}.Debug|x64.Build.0 = Debug|x64
		{371B9FA9-4C90-4AC6-A123-ACED756D6C77}.Debug|x86.ActiveCfg = Debug|Win32
		{371B9FA9-4C90-4AC6-A123-ACED756D6C77}.Debug|x86.Build.0 = Debug|Win32
		{371B9FA9-4C90-4AC6-A123-ACED756D6C77}.Profile|ARM64.ActiveCfg = Profile|ARM64
		{371B9FA9-4C90-4AC6-A123-ACED756D6C77}.Profile|ARM64.Build.0 = Profile|ARM64
		{371B9FA9-4C90-4AC6-A123-ACED756D6C77}.Profile|x64.ActiveCfg = Profile|x64
		{371B9FA9-4C90-4AC6-A123-ACED756D6C77}.Profile|x64.Build.0 = Profile|x64
		{371B9FA9-4C90-4AC6-A123-ACED756D6C77}.Profile|x86.ActiveCfg = Profile|Win32
		{371B9FA9-4C90-4AC6-A123-ACED756D6C77}.Profile|x86.Build.0 = Profile|Win32
		{371B9FA9-4C90-4AC6-A123-ACED756D6C77}.Release|ARM64.ActiveCfg = Release|ARM64
		{371B9FA9-4C90-4AC6-A123-ACED756D6C77}.Release|ARM64.Build.0 = Release|ARM64
		{371B9FA9-4C90-4AC6-A123-ACED756D6C77}.Release|x64.ActiveCfg = Release|x64
		{371B9FA9-4C90-4AC6-A123-ACED756D6C77}.Release|x64.Build.0 = Release|x64
		{371B9FA9-4C90-4AC6-A123-ACED756D6C77}.Release|x86.ActiveCfg = Release|Win32
		{371B9FA9-4C90-4AC6-A123-ACED756D6C77}.Release|x86.Build.0 = Release|Win32
	EndGlobalSection
	GlobalSection(SolutionProperties) = preSolution
		HideSolutionNode = FALSE
	EndGlobalSection
	GlobalSection(ExtensibilityGlobals) = postSolution
		SolutionGuid = {797F48C2-AB2F-4F66-94B9-1BEAF96449A0}
	EndGlobalSection
EndGlobal
